// !$*UTF8*$!
{
	archiveVersion = 1;
	classes = {
	};
	objectVersion = 55;
	objects = {

/* Begin PBXBuildFile section */
		39023C4E5593661324FE38CB /* Pods_treena_v2.framework in Frameworks */ = {isa = PBXBuildFile; fileRef = DD06675BAC97AF4831BC9182 /* Pods_treena_v2.framework */; };
		9C58980F27B9E9DE0088F0DE /* AppDelegate.swift in Sources */ = {isa = PBXBuildFile; fileRef = 9C58980E27B9E9DE0088F0DE /* AppDelegate.swift */; };
		9C58981127B9E9DE0088F0DE /* SceneDelegate.swift in Sources */ = {isa = PBXBuildFile; fileRef = 9C58981027B9E9DE0088F0DE /* SceneDelegate.swift */; };
		9C58981327B9E9DE0088F0DE /* HomeVC.swift in Sources */ = {isa = PBXBuildFile; fileRef = 9C58981227B9E9DE0088F0DE /* HomeVC.swift */; };
		9C58981627B9E9DE0088F0DE /* Main.storyboard in Resources */ = {isa = PBXBuildFile; fileRef = 9C58981427B9E9DE0088F0DE /* Main.storyboard */; };
		9C58981827B9E9E00088F0DE /* Assets.xcassets in Resources */ = {isa = PBXBuildFile; fileRef = 9C58981727B9E9E00088F0DE /* Assets.xcassets */; };
		9C58981B27B9E9E00088F0DE /* LaunchScreen.storyboard in Resources */ = {isa = PBXBuildFile; fileRef = 9C58981927B9E9E00088F0DE /* LaunchScreen.storyboard */; };
		9C58982927BB25920088F0DE /* HomeViewModel.swift in Sources */ = {isa = PBXBuildFile; fileRef = 9C58982827BB25920088F0DE /* HomeViewModel.swift */; };
		9C58982D27BB2AA80088F0DE /* CalendarVC.swift in Sources */ = {isa = PBXBuildFile; fileRef = 9C58982C27BB2AA80088F0DE /* CalendarVC.swift */; };
		9C58984527BF84320088F0DE /* ImageUrl.swift in Sources */ = {isa = PBXBuildFile; fileRef = 9C58984427BF84320088F0DE /* ImageUrl.swift */; };
		9C58984727BF85D20088F0DE /* GoogleService-Info.plist in Resources */ = {isa = PBXBuildFile; fileRef = 9C58984627BF85D20088F0DE /* GoogleService-Info.plist */; };
		9C58984A27BF86D60088F0DE /* DatabaseNetwork.swift in Sources */ = {isa = PBXBuildFile; fileRef = 9C58984927BF86D60088F0DE /* DatabaseNetwork.swift */; };
		9C58984D27BF8AA30088F0DE /* TreeLevel.swift in Sources */ = {isa = PBXBuildFile; fileRef = 9C58984C27BF8AA30088F0DE /* TreeLevel.swift */; };
		9C58985227BF9B760088F0DE /* LoginVC.swift in Sources */ = {isa = PBXBuildFile; fileRef = 9C58985127BF9B760088F0DE /* LoginVC.swift */; };
		9C58985427BFAE660088F0DE /* LoginViewModel.swift in Sources */ = {isa = PBXBuildFile; fileRef = 9C58985327BFAE660088F0DE /* LoginViewModel.swift */; };
		9CCD49AE27E0142800DDF52F /* InfoPlist.strings in Resources */ = {isa = PBXBuildFile; fileRef = 9CCD49B027E0142800DDF52F /* InfoPlist.strings */; };
		9CD275E127C20247003017CD /* PlusVC.swift in Sources */ = {isa = PBXBuildFile; fileRef = 9CD275E027C20247003017CD /* PlusVC.swift */; };
		9CD275E527C20B06003017CD /* CommentVC.swift in Sources */ = {isa = PBXBuildFile; fileRef = 9CD275E427C20B06003017CD /* CommentVC.swift */; };
		9CD275E827C20FC2003017CD /* PlusViewModel.swift in Sources */ = {isa = PBXBuildFile; fileRef = 9CD275E727C20FC2003017CD /* PlusViewModel.swift */; };
		9CD275EB27C219F6003017CD /* PlusModel.swift in Sources */ = {isa = PBXBuildFile; fileRef = 9CD275EA27C219F6003017CD /* PlusModel.swift */; };
		9CD275ED27C243A2003017CD /* ApiNetwork.swift in Sources */ = {isa = PBXBuildFile; fileRef = 9CD275EC27C243A2003017CD /* ApiNetwork.swift */; };
		9CD275F027C24570003017CD /* ApiResponseModel.swift in Sources */ = {isa = PBXBuildFile; fileRef = 9CD275EF27C24570003017CD /* ApiResponseModel.swift */; };
		9CD275F427C619AF003017CD /* CalendarDetailVC.swift in Sources */ = {isa = PBXBuildFile; fileRef = 9CD275F327C619AF003017CD /* CalendarDetailVC.swift */; };
		9CD275F727C6225B003017CD /* CalendarDetailViewModel.swift in Sources */ = {isa = PBXBuildFile; fileRef = 9CD275F627C6225B003017CD /* CalendarDetailViewModel.swift */; };
		9CD275FC27C71B99003017CD /* CommentViewModel.swift in Sources */ = {isa = PBXBuildFile; fileRef = 9CD275FB27C71B99003017CD /* CommentViewModel.swift */; };
		9CD2760127C71DD6003017CD /* EmotionCommentModel.swift in Sources */ = {isa = PBXBuildFile; fileRef = 9CD2760027C71DD6003017CD /* EmotionCommentModel.swift */; };
		9CD2760327C737CD003017CD /* CalendarViewModel.swift in Sources */ = {isa = PBXBuildFile; fileRef = 9CD2760227C737CD003017CD /* CalendarViewModel.swift */; };
		9CD2764627C84D87003017CD /* MyPageVC.swift in Sources */ = {isa = PBXBuildFile; fileRef = 9CD2764527C84D87003017CD /* MyPageVC.swift */; };
		9CD2764827C850C6003017CD /* MyPageViewModel.swift in Sources */ = {isa = PBXBuildFile; fileRef = 9CD2764727C850C6003017CD /* MyPageViewModel.swift */; };
		9CD2764D27CCC6B7003017CD /* SignUpVC.swift in Sources */ = {isa = PBXBuildFile; fileRef = 9CD2764C27CCC6B7003017CD /* SignUpVC.swift */; };
		9CD2765027CCE463003017CD /* SignUpViewModel.swift in Sources */ = {isa = PBXBuildFile; fileRef = 9CD2764F27CCE463003017CD /* SignUpViewModel.swift */; };
		9CD2765D27CDE8FF003017CD /* THEapplemintR.otf in Resources */ = {isa = PBXBuildFile; fileRef = 9CD2765C27CDE8FF003017CD /* THEapplemintR.otf */; };
		9CD2765F27CDECDE003017CD /* THEapplemintL.otf in Resources */ = {isa = PBXBuildFile; fileRef = 9CD2765E27CDECDE003017CD /* THEapplemintL.otf */; };
		9CD2766127CDED04003017CD /* THEapplemintM.otf in Resources */ = {isa = PBXBuildFile; fileRef = 9CD2766027CDED04003017CD /* THEapplemintM.otf */; };
		9CD2766727CF4F77003017CD /* UITextField+LeftPadding.swift in Sources */ = {isa = PBXBuildFile; fileRef = 9CD2766627CF4F77003017CD /* UITextField+LeftPadding.swift */; };
		9CD2766927CF550B003017CD /* UITextView+LineAndLetterSpacing.swift in Sources */ = {isa = PBXBuildFile; fileRef = 9CD2766827CF550B003017CD /* UITextView+LineAndLetterSpacing.swift */; };
		9CD2768327D5AE88003017CD /* LaunchScreenVC.swift in Sources */ = {isa = PBXBuildFile; fileRef = 9CD2768227D5AE88003017CD /* LaunchScreenVC.swift */; };
		9CD2768B27D5EB35003017CD /* API_URL.plist in Resources */ = {isa = PBXBuildFile; fileRef = 9CD2768A27D5EB35003017CD /* API_URL.plist */; };
		9CD2768D27D5EB77003017CD /* HideAPI+Bundle.swift in Sources */ = {isa = PBXBuildFile; fileRef = 9CD2768C27D5EB77003017CD /* HideAPI+Bundle.swift */; };
		9CD2768F27D5F92A003017CD /* treena_launch.gif in Resources */ = {isa = PBXBuildFile; fileRef = 9CD2768E27D5F92A003017CD /* treena_launch.gif */; };
		9CD2769727D72E82003017CD /* treena_loading.gif in Resources */ = {isa = PBXBuildFile; fileRef = 9CD2769627D72E82003017CD /* treena_loading.gif */; };
		9CD2769A27D77DBC003017CD /* emotion_json.json in Resources */ = {isa = PBXBuildFile; fileRef = 9CD2769927D77DBC003017CD /* emotion_json.json */; };
/* End PBXBuildFile section */

/* Begin PBXFileReference section */
		6F36AAFE5647CD04634F7DAE /* Pods-treena_v2.debug.xcconfig */ = {isa = PBXFileReference; includeInIndex = 1; lastKnownFileType = text.xcconfig; name = "Pods-treena_v2.debug.xcconfig"; path = "Target Support Files/Pods-treena_v2/Pods-treena_v2.debug.xcconfig"; sourceTree = "<group>"; };
		90341694FFFD9C58D2533603 /* Pods-treena_v2.release.xcconfig */ = {isa = PBXFileReference; includeInIndex = 1; lastKnownFileType = text.xcconfig; name = "Pods-treena_v2.release.xcconfig"; path = "Target Support Files/Pods-treena_v2/Pods-treena_v2.release.xcconfig"; sourceTree = "<group>"; };
		9C58980B27B9E9DE0088F0DE /* treena_v2.app */ = {isa = PBXFileReference; explicitFileType = wrapper.application; includeInIndex = 0; path = treena_v2.app; sourceTree = BUILT_PRODUCTS_DIR; };
		9C58980E27B9E9DE0088F0DE /* AppDelegate.swift */ = {isa = PBXFileReference; lastKnownFileType = sourcecode.swift; path = AppDelegate.swift; sourceTree = "<group>"; };
		9C58981027B9E9DE0088F0DE /* SceneDelegate.swift */ = {isa = PBXFileReference; lastKnownFileType = sourcecode.swift; path = SceneDelegate.swift; sourceTree = "<group>"; };
		9C58981227B9E9DE0088F0DE /* HomeVC.swift */ = {isa = PBXFileReference; lastKnownFileType = sourcecode.swift; path = HomeVC.swift; sourceTree = "<group>"; };
		9C58981527B9E9DE0088F0DE /* Base */ = {isa = PBXFileReference; lastKnownFileType = file.storyboard; name = Base; path = Base.lproj/Main.storyboard; sourceTree = "<group>"; };
		9C58981727B9E9E00088F0DE /* Assets.xcassets */ = {isa = PBXFileReference; lastKnownFileType = folder.assetcatalog; path = Assets.xcassets; sourceTree = "<group>"; };
		9C58981A27B9E9E00088F0DE /* Base */ = {isa = PBXFileReference; lastKnownFileType = file.storyboard; name = Base; path = Base.lproj/LaunchScreen.storyboard; sourceTree = "<group>"; };
		9C58981C27B9E9E00088F0DE /* Info.plist */ = {isa = PBXFileReference; lastKnownFileType = text.plist.xml; path = Info.plist; sourceTree = "<group>"; };
		9C58982827BB25920088F0DE /* HomeViewModel.swift */ = {isa = PBXFileReference; lastKnownFileType = sourcecode.swift; path = HomeViewModel.swift; sourceTree = "<group>"; };
		9C58982C27BB2AA80088F0DE /* CalendarVC.swift */ = {isa = PBXFileReference; lastKnownFileType = sourcecode.swift; path = CalendarVC.swift; sourceTree = "<group>"; };
		9C58984427BF84320088F0DE /* ImageUrl.swift */ = {isa = PBXFileReference; lastKnownFileType = sourcecode.swift; path = ImageUrl.swift; sourceTree = "<group>"; };
		9C58984627BF85D20088F0DE /* GoogleService-Info.plist */ = {isa = PBXFileReference; fileEncoding = 4; lastKnownFileType = text.plist.xml; path = "GoogleService-Info.plist"; sourceTree = "<group>"; };
		9C58984927BF86D60088F0DE /* DatabaseNetwork.swift */ = {isa = PBXFileReference; lastKnownFileType = sourcecode.swift; path = DatabaseNetwork.swift; sourceTree = "<group>"; };
		9C58984C27BF8AA30088F0DE /* TreeLevel.swift */ = {isa = PBXFileReference; lastKnownFileType = sourcecode.swift; path = TreeLevel.swift; sourceTree = "<group>"; };
		9C58985127BF9B760088F0DE /* LoginVC.swift */ = {isa = PBXFileReference; lastKnownFileType = sourcecode.swift; path = LoginVC.swift; sourceTree = "<group>"; };
		9C58985327BFAE660088F0DE /* LoginViewModel.swift */ = {isa = PBXFileReference; lastKnownFileType = sourcecode.swift; path = LoginViewModel.swift; sourceTree = "<group>"; };
		9CCD49AA27E013DD00DDF52F /* ko */ = {isa = PBXFileReference; lastKnownFileType = text.plist.strings; name = ko; path = ko.lproj/Main.strings; sourceTree = "<group>"; };
		9CCD49AB27E013DD00DDF52F /* ko */ = {isa = PBXFileReference; lastKnownFileType = text.plist.strings; name = ko; path = ko.lproj/LaunchScreen.strings; sourceTree = "<group>"; };
		9CCD49AF27E0142800DDF52F /* ko */ = {isa = PBXFileReference; lastKnownFileType = text.plist.strings; name = ko; path = ko.lproj/InfoPlist.strings; sourceTree = "<group>"; };
		9CCD49B127E0142A00DDF52F /* en */ = {isa = PBXFileReference; lastKnownFileType = text.plist.strings; name = en; path = en.lproj/InfoPlist.strings; sourceTree = "<group>"; };
		9CD275E027C20247003017CD /* PlusVC.swift */ = {isa = PBXFileReference; lastKnownFileType = sourcecode.swift; path = PlusVC.swift; sourceTree = "<group>"; };
		9CD275E427C20B06003017CD /* CommentVC.swift */ = {isa = PBXFileReference; lastKnownFileType = sourcecode.swift; path = CommentVC.swift; sourceTree = "<group>"; };
		9CD275E727C20FC2003017CD /* PlusViewModel.swift */ = {isa = PBXFileReference; lastKnownFileType = sourcecode.swift; path = PlusViewModel.swift; sourceTree = "<group>"; };
		9CD275EA27C219F6003017CD /* PlusModel.swift */ = {isa = PBXFileReference; lastKnownFileType = sourcecode.swift; path = PlusModel.swift; sourceTree = "<group>"; };
		9CD275EC27C243A2003017CD /* ApiNetwork.swift */ = {isa = PBXFileReference; lastKnownFileType = sourcecode.swift; path = ApiNetwork.swift; sourceTree = "<group>"; };
		9CD275EF27C24570003017CD /* ApiResponseModel.swift */ = {isa = PBXFileReference; lastKnownFileType = sourcecode.swift; path = ApiResponseModel.swift; sourceTree = "<group>"; };
		9CD275F327C619AF003017CD /* CalendarDetailVC.swift */ = {isa = PBXFileReference; lastKnownFileType = sourcecode.swift; path = CalendarDetailVC.swift; sourceTree = "<group>"; };
		9CD275F627C6225B003017CD /* CalendarDetailViewModel.swift */ = {isa = PBXFileReference; lastKnownFileType = sourcecode.swift; path = CalendarDetailViewModel.swift; sourceTree = "<group>"; };
		9CD275FB27C71B99003017CD /* CommentViewModel.swift */ = {isa = PBXFileReference; lastKnownFileType = sourcecode.swift; path = CommentViewModel.swift; sourceTree = "<group>"; };
		9CD2760027C71DD6003017CD /* EmotionCommentModel.swift */ = {isa = PBXFileReference; lastKnownFileType = sourcecode.swift; path = EmotionCommentModel.swift; sourceTree = "<group>"; };
		9CD2760227C737CD003017CD /* CalendarViewModel.swift */ = {isa = PBXFileReference; lastKnownFileType = sourcecode.swift; path = CalendarViewModel.swift; sourceTree = "<group>"; };
		9CD2764527C84D87003017CD /* MyPageVC.swift */ = {isa = PBXFileReference; lastKnownFileType = sourcecode.swift; path = MyPageVC.swift; sourceTree = "<group>"; };
		9CD2764727C850C6003017CD /* MyPageViewModel.swift */ = {isa = PBXFileReference; lastKnownFileType = sourcecode.swift; path = MyPageViewModel.swift; sourceTree = "<group>"; };
		9CD2764C27CCC6B7003017CD /* SignUpVC.swift */ = {isa = PBXFileReference; lastKnownFileType = sourcecode.swift; path = SignUpVC.swift; sourceTree = "<group>"; };
		9CD2764F27CCE463003017CD /* SignUpViewModel.swift */ = {isa = PBXFileReference; lastKnownFileType = sourcecode.swift; path = SignUpViewModel.swift; sourceTree = "<group>"; };
		9CD2765C27CDE8FF003017CD /* THEapplemintR.otf */ = {isa = PBXFileReference; lastKnownFileType = file; path = THEapplemintR.otf; sourceTree = "<group>"; };
		9CD2765E27CDECDE003017CD /* THEapplemintL.otf */ = {isa = PBXFileReference; lastKnownFileType = file; name = THEapplemintL.otf; path = ../../../../../../../../../../Users/asong/Downloads/THEapplemintL.otf; sourceTree = "<group>"; };
		9CD2766027CDED04003017CD /* THEapplemintM.otf */ = {isa = PBXFileReference; lastKnownFileType = file; name = THEapplemintM.otf; path = ../../../../../../../../../../Users/asong/Downloads/THEapplemintM.otf; sourceTree = "<group>"; };
		9CD2766627CF4F77003017CD /* UITextField+LeftPadding.swift */ = {isa = PBXFileReference; lastKnownFileType = sourcecode.swift; path = "UITextField+LeftPadding.swift"; sourceTree = "<group>"; };
		9CD2766827CF550B003017CD /* UITextView+LineAndLetterSpacing.swift */ = {isa = PBXFileReference; lastKnownFileType = sourcecode.swift; path = "UITextView+LineAndLetterSpacing.swift"; sourceTree = "<group>"; };
		9CD2768227D5AE88003017CD /* LaunchScreenVC.swift */ = {isa = PBXFileReference; lastKnownFileType = sourcecode.swift; path = LaunchScreenVC.swift; sourceTree = "<group>"; };
		9CD2768A27D5EB35003017CD /* API_URL.plist */ = {isa = PBXFileReference; lastKnownFileType = text.plist.xml; path = API_URL.plist; sourceTree = "<group>"; };
		9CD2768C27D5EB77003017CD /* HideAPI+Bundle.swift */ = {isa = PBXFileReference; lastKnownFileType = sourcecode.swift; path = "HideAPI+Bundle.swift"; sourceTree = "<group>"; };
		9CD2768E27D5F92A003017CD /* treena_launch.gif */ = {isa = PBXFileReference; lastKnownFileType = image.gif; name = treena_launch.gif; path = ../../../../../../../../../../Users/asong/Downloads/treena_launch.gif; sourceTree = "<group>"; };
		9CD2769627D72E82003017CD /* treena_loading.gif */ = {isa = PBXFileReference; lastKnownFileType = image.gif; name = treena_loading.gif; path = ../../../../../../../../../../Users/asong/Downloads/treena_loading.gif; sourceTree = "<group>"; };
		9CD2769927D77DBC003017CD /* emotion_json.json */ = {isa = PBXFileReference; fileEncoding = 4; lastKnownFileType = text.json; path = emotion_json.json; sourceTree = "<group>"; };
		9CD2769B27D8F181003017CD /* treena_v2Release.entitlements */ = {isa = PBXFileReference; lastKnownFileType = text.plist.entitlements; path = treena_v2Release.entitlements; sourceTree = "<group>"; };
		DD06675BAC97AF4831BC9182 /* Pods_treena_v2.framework */ = {isa = PBXFileReference; explicitFileType = wrapper.framework; includeInIndex = 0; path = Pods_treena_v2.framework; sourceTree = BUILT_PRODUCTS_DIR; };
/* End PBXFileReference section */

/* Begin PBXFrameworksBuildPhase section */
		9C58980827B9E9DE0088F0DE /* Frameworks */ = {
			isa = PBXFrameworksBuildPhase;
			buildActionMask = 2147483647;
			files = (
				39023C4E5593661324FE38CB /* Pods_treena_v2.framework in Frameworks */,
			);
			runOnlyForDeploymentPostprocessing = 0;
		};
/* End PBXFrameworksBuildPhase section */

/* Begin PBXGroup section */
		3F7C8158DF7CE051F9E67362 /* Pods */ = {
			isa = PBXGroup;
			children = (
				6F36AAFE5647CD04634F7DAE /* Pods-treena_v2.debug.xcconfig */,
				90341694FFFD9C58D2533603 /* Pods-treena_v2.release.xcconfig */,
			);
			path = Pods;
			sourceTree = "<group>";
		};
		9C58980227B9E9DE0088F0DE = {
			isa = PBXGroup;
			children = (
				9C58980D27B9E9DE0088F0DE /* treena_v2 */,
				9C58980C27B9E9DE0088F0DE /* Products */,
				3F7C8158DF7CE051F9E67362 /* Pods */,
				AC892035AAE9D0090A2FCE87 /* Frameworks */,
			);
			sourceTree = "<group>";
		};
		9C58980C27B9E9DE0088F0DE /* Products */ = {
			isa = PBXGroup;
			children = (
				9C58980B27B9E9DE0088F0DE /* treena_v2.app */,
			);
			name = Products;
			sourceTree = "<group>";
		};
		9C58980D27B9E9DE0088F0DE /* treena_v2 */ = {
			isa = PBXGroup;
			children = (
				9CD2769B27D8F181003017CD /* treena_v2Release.entitlements */,
				9CCD49B027E0142800DDF52F /* InfoPlist.strings */,
				9CD2766427CF4F34003017CD /* Util */,
				9C58984827BF86C40088F0DE /* Network */,
				9C58981C27B9E9E00088F0DE /* Info.plist */,
				9C58984627BF85D20088F0DE /* GoogleService-Info.plist */,
				9C58982427B9F2430088F0DE /* UI */,
				9C58982227B9EA180088F0DE /* Application */,
			);
			path = treena_v2;
			sourceTree = "<group>";
		};
		9C58982227B9EA180088F0DE /* Application */ = {
			isa = PBXGroup;
			children = (
				9CD2765327CDC964003017CD /* Font */,
				9C58982327B9F0E30088F0DE /* Storyboard */,
				9C58981727B9E9E00088F0DE /* Assets.xcassets */,
				9C58980E27B9E9DE0088F0DE /* AppDelegate.swift */,
				9C58981027B9E9DE0088F0DE /* SceneDelegate.swift */,
				9CD2768A27D5EB35003017CD /* API_URL.plist */,
			);
			path = Application;
			sourceTree = "<group>";
		};
		9C58982327B9F0E30088F0DE /* Storyboard */ = {
			isa = PBXGroup;
			children = (
				9C58981427B9E9DE0088F0DE /* Main.storyboard */,
				9C58981927B9E9E00088F0DE /* LaunchScreen.storyboard */,
			);
			path = Storyboard;
			sourceTree = "<group>";
		};
		9C58982427B9F2430088F0DE /* UI */ = {
			isa = PBXGroup;
			children = (
				9CD2768427D5AE8E003017CD /* Launch */,
				9CD2764A27CCC693003017CD /* SignUp */,
				9CD2764327C84D71003017CD /* MyPage */,
				9CD275E227C20AB1003017CD /* Comment */,
				9CD275DE27C20222003017CD /* Plus */,
				9C58984E27BF9B4E0088F0DE /* Login */,
				9C58984B27BF8A590088F0DE /* Common */,
				9C58982A27BB2A890088F0DE /* Calendar */,
				9C58982527B9F24E0088F0DE /* Home */,
			);
			path = UI;
			sourceTree = "<group>";
		};
		9C58982527B9F24E0088F0DE /* Home */ = {
			isa = PBXGroup;
			children = (
				9C58982727B9F26E0088F0DE /* ViewModels */,
				9C58982627B9F2680088F0DE /* Views */,
			);
			path = Home;
			sourceTree = "<group>";
		};
		9C58982627B9F2680088F0DE /* Views */ = {
			isa = PBXGroup;
			children = (
				9C58981227B9E9DE0088F0DE /* HomeVC.swift */,
			);
			path = Views;
			sourceTree = "<group>";
		};
		9C58982727B9F26E0088F0DE /* ViewModels */ = {
			isa = PBXGroup;
			children = (
				9C58982827BB25920088F0DE /* HomeViewModel.swift */,
			);
			path = ViewModels;
			sourceTree = "<group>";
		};
		9C58982A27BB2A890088F0DE /* Calendar */ = {
			isa = PBXGroup;
			children = (
				9CD275F527C62249003017CD /* ViewModels */,
				9C58982B27BB2A9C0088F0DE /* Views */,
			);
			path = Calendar;
			sourceTree = "<group>";
		};
		9C58982B27BB2A9C0088F0DE /* Views */ = {
			isa = PBXGroup;
			children = (
				9C58982C27BB2AA80088F0DE /* CalendarVC.swift */,
				9CD275F327C619AF003017CD /* CalendarDetailVC.swift */,
			);
			path = Views;
			sourceTree = "<group>";
		};
		9C58984827BF86C40088F0DE /* Network */ = {
			isa = PBXGroup;
			children = (
				9CD275EE27C24560003017CD /* Model */,
				9C58984927BF86D60088F0DE /* DatabaseNetwork.swift */,
				9CD275EC27C243A2003017CD /* ApiNetwork.swift */,
			);
			path = Network;
			sourceTree = "<group>";
		};
		9C58984B27BF8A590088F0DE /* Common */ = {
			isa = PBXGroup;
			children = (
				9C58984427BF84320088F0DE /* ImageUrl.swift */,
				9C58984C27BF8AA30088F0DE /* TreeLevel.swift */,
			);
			path = Common;
			sourceTree = "<group>";
		};
		9C58984E27BF9B4E0088F0DE /* Login */ = {
			isa = PBXGroup;
			children = (
				9C58985027BF9B650088F0DE /* ViewModels */,
				9C58984F27BF9B580088F0DE /* Views */,
			);
			path = Login;
			sourceTree = "<group>";
		};
		9C58984F27BF9B580088F0DE /* Views */ = {
			isa = PBXGroup;
			children = (
				9C58985127BF9B760088F0DE /* LoginVC.swift */,
			);
			path = Views;
			sourceTree = "<group>";
		};
		9C58985027BF9B650088F0DE /* ViewModels */ = {
			isa = PBXGroup;
			children = (
				9C58985327BFAE660088F0DE /* LoginViewModel.swift */,
			);
			path = ViewModels;
			sourceTree = "<group>";
		};
		9CD275DE27C20222003017CD /* Plus */ = {
			isa = PBXGroup;
			children = (
				9CD2769627D72E82003017CD /* treena_loading.gif */,
				9CD275E927C219EB003017CD /* Model */,
				9CD275E627C20F93003017CD /* ViewModel */,
				9CD275DF27C2022C003017CD /* View */,
			);
			path = Plus;
			sourceTree = "<group>";
		};
		9CD275DF27C2022C003017CD /* View */ = {
			isa = PBXGroup;
			children = (
				9CD275E027C20247003017CD /* PlusVC.swift */,
			);
			path = View;
			sourceTree = "<group>";
		};
		9CD275E227C20AB1003017CD /* Comment */ = {
			isa = PBXGroup;
			children = (
				9CD275FF27C71DC1003017CD /* Model */,
				9CD275FA27C71B85003017CD /* ViewModel */,
				9CD275E327C20AF8003017CD /* Views */,
			);
			path = Comment;
			sourceTree = "<group>";
		};
		9CD275E327C20AF8003017CD /* Views */ = {
			isa = PBXGroup;
			children = (
				9CD275E427C20B06003017CD /* CommentVC.swift */,
			);
			path = Views;
			sourceTree = "<group>";
		};
		9CD275E627C20F93003017CD /* ViewModel */ = {
			isa = PBXGroup;
			children = (
				9CD275E727C20FC2003017CD /* PlusViewModel.swift */,
			);
			path = ViewModel;
			sourceTree = "<group>";
		};
		9CD275E927C219EB003017CD /* Model */ = {
			isa = PBXGroup;
			children = (
				9CD275EA27C219F6003017CD /* PlusModel.swift */,
			);
			path = Model;
			sourceTree = "<group>";
		};
		9CD275EE27C24560003017CD /* Model */ = {
			isa = PBXGroup;
			children = (
				9CD275EF27C24570003017CD /* ApiResponseModel.swift */,
			);
			path = Model;
			sourceTree = "<group>";
		};
		9CD275F527C62249003017CD /* ViewModels */ = {
			isa = PBXGroup;
			children = (
				9CD275F627C6225B003017CD /* CalendarDetailViewModel.swift */,
				9CD2760227C737CD003017CD /* CalendarViewModel.swift */,
			);
			path = ViewModels;
			sourceTree = "<group>";
		};
		9CD275FA27C71B85003017CD /* ViewModel */ = {
			isa = PBXGroup;
			children = (
				9CD275FB27C71B99003017CD /* CommentViewModel.swift */,
			);
			path = ViewModel;
			sourceTree = "<group>";
		};
		9CD275FF27C71DC1003017CD /* Model */ = {
			isa = PBXGroup;
			children = (
				9CD2769927D77DBC003017CD /* emotion_json.json */,
				9CD2760027C71DD6003017CD /* EmotionCommentModel.swift */,
			);
			path = Model;
			sourceTree = "<group>";
		};
		9CD2764327C84D71003017CD /* MyPage */ = {
			isa = PBXGroup;
			children = (
				9CD2764927C850CB003017CD /* ViewModel */,
				9CD2764427C84D7D003017CD /* View */,
			);
			path = MyPage;
			sourceTree = "<group>";
		};
		9CD2764427C84D7D003017CD /* View */ = {
			isa = PBXGroup;
			children = (
				9CD2764527C84D87003017CD /* MyPageVC.swift */,
			);
			path = View;
			sourceTree = "<group>";
		};
		9CD2764927C850CB003017CD /* ViewModel */ = {
			isa = PBXGroup;
			children = (
				9CD2764727C850C6003017CD /* MyPageViewModel.swift */,
			);
			path = ViewModel;
			sourceTree = "<group>";
		};
		9CD2764A27CCC693003017CD /* SignUp */ = {
			isa = PBXGroup;
			children = (
				9CD2764E27CCE453003017CD /* ViewGroup */,
				9CD2764B27CCC6AB003017CD /* View */,
			);
			path = SignUp;
			sourceTree = "<group>";
		};
		9CD2764B27CCC6AB003017CD /* View */ = {
			isa = PBXGroup;
			children = (
				9CD2764C27CCC6B7003017CD /* SignUpVC.swift */,
			);
			path = View;
			sourceTree = "<group>";
		};
		9CD2764E27CCE453003017CD /* ViewGroup */ = {
			isa = PBXGroup;
			children = (
				9CD2764F27CCE463003017CD /* SignUpViewModel.swift */,
			);
			path = ViewGroup;
			sourceTree = "<group>";
		};
		9CD2765327CDC964003017CD /* Font */ = {
			isa = PBXGroup;
			children = (
				9CD2765E27CDECDE003017CD /* THEapplemintL.otf */,
				9CD2766027CDED04003017CD /* THEapplemintM.otf */,
				9CD2765C27CDE8FF003017CD /* THEapplemintR.otf */,
			);
			path = Font;
			sourceTree = "<group>";
		};
		9CD2766427CF4F34003017CD /* Util */ = {
			isa = PBXGroup;
			children = (
				9CD2766527CF4F44003017CD /* Extension */,
			);
			path = Util;
			sourceTree = "<group>";
		};
		9CD2766527CF4F44003017CD /* Extension */ = {
			isa = PBXGroup;
			children = (
				9CD2766627CF4F77003017CD /* UITextField+LeftPadding.swift */,
				9CD2766827CF550B003017CD /* UITextView+LineAndLetterSpacing.swift */,
				9CD2768C27D5EB77003017CD /* HideAPI+Bundle.swift */,
			);
			path = Extension;
			sourceTree = "<group>";
		};
		9CD2768427D5AE8E003017CD /* Launch */ = {
			isa = PBXGroup;
			children = (
				9CD2768E27D5F92A003017CD /* treena_launch.gif */,
				9CD2768227D5AE88003017CD /* LaunchScreenVC.swift */,
			);
			path = Launch;
			sourceTree = "<group>";
		};
		AC892035AAE9D0090A2FCE87 /* Frameworks */ = {
			isa = PBXGroup;
			children = (
				DD06675BAC97AF4831BC9182 /* Pods_treena_v2.framework */,
			);
			name = Frameworks;
			sourceTree = "<group>";
		};
/* End PBXGroup section */

/* Begin PBXNativeTarget section */
		9C58980A27B9E9DE0088F0DE /* treena_v2 */ = {
			isa = PBXNativeTarget;
			buildConfigurationList = 9C58981F27B9E9E00088F0DE /* Build configuration list for PBXNativeTarget "treena_v2" */;
			buildPhases = (
				CB0FC4A4FE03B06B447E5CDC /* [CP] Check Pods Manifest.lock */,
				9C58980727B9E9DE0088F0DE /* Sources */,
				9C58980827B9E9DE0088F0DE /* Frameworks */,
				9C58980927B9E9DE0088F0DE /* Resources */,
				B7624FD3D9961CE3901203C4 /* [CP] Embed Pods Frameworks */,
			);
			buildRules = (
			);
			dependencies = (
			);
			name = treena_v2;
			productName = treena_v2;
			productReference = 9C58980B27B9E9DE0088F0DE /* treena_v2.app */;
			productType = "com.apple.product-type.application";
		};
/* End PBXNativeTarget section */

/* Begin PBXProject section */
		9C58980327B9E9DE0088F0DE /* Project object */ = {
			isa = PBXProject;
			attributes = {
				BuildIndependentTargetsInParallel = 1;
				LastSwiftUpdateCheck = 1310;
				LastUpgradeCheck = 1310;
				TargetAttributes = {
					9C58980A27B9E9DE0088F0DE = {
						CreatedOnToolsVersion = 13.1;
					};
				};
			};
			buildConfigurationList = 9C58980627B9E9DE0088F0DE /* Build configuration list for PBXProject "treena_v2" */;
			compatibilityVersion = "Xcode 13.0";
			developmentRegion = en;
			hasScannedForEncodings = 0;
			knownRegions = (
				en,
				Base,
				ko,
			);
			mainGroup = 9C58980227B9E9DE0088F0DE;
			productRefGroup = 9C58980C27B9E9DE0088F0DE /* Products */;
			projectDirPath = "";
			projectRoot = "";
			targets = (
				9C58980A27B9E9DE0088F0DE /* treena_v2 */,
			);
		};
/* End PBXProject section */

/* Begin PBXResourcesBuildPhase section */
		9C58980927B9E9DE0088F0DE /* Resources */ = {
			isa = PBXResourcesBuildPhase;
			buildActionMask = 2147483647;
			files = (
				9CD2766127CDED04003017CD /* THEapplemintM.otf in Resources */,
				9CCD49AE27E0142800DDF52F /* InfoPlist.strings in Resources */,
				9C58981B27B9E9E00088F0DE /* LaunchScreen.storyboard in Resources */,
				9C58984727BF85D20088F0DE /* GoogleService-Info.plist in Resources */,
				9C58981827B9E9E00088F0DE /* Assets.xcassets in Resources */,
				9CD2765F27CDECDE003017CD /* THEapplemintL.otf in Resources */,
				9CD2769727D72E82003017CD /* treena_loading.gif in Resources */,
				9CD2768F27D5F92A003017CD /* treena_launch.gif in Resources */,
				9CD2769A27D77DBC003017CD /* emotion_json.json in Resources */,
				9C58981627B9E9DE0088F0DE /* Main.storyboard in Resources */,
				9CD2765D27CDE8FF003017CD /* THEapplemintR.otf in Resources */,
				9CD2768B27D5EB35003017CD /* API_URL.plist in Resources */,
			);
			runOnlyForDeploymentPostprocessing = 0;
		};
/* End PBXResourcesBuildPhase section */

/* Begin PBXShellScriptBuildPhase section */
		B7624FD3D9961CE3901203C4 /* [CP] Embed Pods Frameworks */ = {
			isa = PBXShellScriptBuildPhase;
			buildActionMask = 2147483647;
			files = (
			);
			inputFileListPaths = (
				"${PODS_ROOT}/Target Support Files/Pods-treena_v2/Pods-treena_v2-frameworks-${CONFIGURATION}-input-files.xcfilelist",
			);
			name = "[CP] Embed Pods Frameworks";
			outputFileListPaths = (
				"${PODS_ROOT}/Target Support Files/Pods-treena_v2/Pods-treena_v2-frameworks-${CONFIGURATION}-output-files.xcfilelist",
			);
			runOnlyForDeploymentPostprocessing = 0;
			shellPath = /bin/sh;
			shellScript = "\"${PODS_ROOT}/Target Support Files/Pods-treena_v2/Pods-treena_v2-frameworks.sh\"\n";
			showEnvVarsInLog = 0;
		};
		CB0FC4A4FE03B06B447E5CDC /* [CP] Check Pods Manifest.lock */ = {
			isa = PBXShellScriptBuildPhase;
			buildActionMask = 2147483647;
			files = (
			);
			inputFileListPaths = (
			);
			inputPaths = (
				"${PODS_PODFILE_DIR_PATH}/Podfile.lock",
				"${PODS_ROOT}/Manifest.lock",
			);
			name = "[CP] Check Pods Manifest.lock";
			outputFileListPaths = (
			);
			outputPaths = (
				"$(DERIVED_FILE_DIR)/Pods-treena_v2-checkManifestLockResult.txt",
			);
			runOnlyForDeploymentPostprocessing = 0;
			shellPath = /bin/sh;
			shellScript = "diff \"${PODS_PODFILE_DIR_PATH}/Podfile.lock\" \"${PODS_ROOT}/Manifest.lock\" > /dev/null\nif [ $? != 0 ] ; then\n    # print error to STDERR\n    echo \"error: The sandbox is not in sync with the Podfile.lock. Run 'pod install' or update your CocoaPods installation.\" >&2\n    exit 1\nfi\n# This output is used by Xcode 'outputs' to avoid re-running this script phase.\necho \"SUCCESS\" > \"${SCRIPT_OUTPUT_FILE_0}\"\n";
			showEnvVarsInLog = 0;
		};
/* End PBXShellScriptBuildPhase section */

/* Begin PBXSourcesBuildPhase section */
		9C58980727B9E9DE0088F0DE /* Sources */ = {
			isa = PBXSourcesBuildPhase;
			buildActionMask = 2147483647;
			files = (
				9CD2766727CF4F77003017CD /* UITextField+LeftPadding.swift in Sources */,
				9C58982D27BB2AA80088F0DE /* CalendarVC.swift in Sources */,
				9C58981327B9E9DE0088F0DE /* HomeVC.swift in Sources */,
				9CD2766927CF550B003017CD /* UITextView+LineAndLetterSpacing.swift in Sources */,
				9C58984D27BF8AA30088F0DE /* TreeLevel.swift in Sources */,
				9CD275F427C619AF003017CD /* CalendarDetailVC.swift in Sources */,
				9CD275ED27C243A2003017CD /* ApiNetwork.swift in Sources */,
				9CD275EB27C219F6003017CD /* PlusModel.swift in Sources */,
				9CD2760327C737CD003017CD /* CalendarViewModel.swift in Sources */,
				9C58980F27B9E9DE0088F0DE /* AppDelegate.swift in Sources */,
				9CD2768D27D5EB77003017CD /* HideAPI+Bundle.swift in Sources */,
				9CD2764827C850C6003017CD /* MyPageViewModel.swift in Sources */,
				9CD2768327D5AE88003017CD /* LaunchScreenVC.swift in Sources */,
				9CD2760127C71DD6003017CD /* EmotionCommentModel.swift in Sources */,
				9C58981127B9E9DE0088F0DE /* SceneDelegate.swift in Sources */,
				9C58985227BF9B760088F0DE /* LoginVC.swift in Sources */,
				9CD275FC27C71B99003017CD /* CommentViewModel.swift in Sources */,
				9CD275F727C6225B003017CD /* CalendarDetailViewModel.swift in Sources */,
				9CD275E527C20B06003017CD /* CommentVC.swift in Sources */,
				9C58982927BB25920088F0DE /* HomeViewModel.swift in Sources */,
				9CD2764D27CCC6B7003017CD /* SignUpVC.swift in Sources */,
				9CD2764627C84D87003017CD /* MyPageVC.swift in Sources */,
				9CD275E127C20247003017CD /* PlusVC.swift in Sources */,
				9CD275F027C24570003017CD /* ApiResponseModel.swift in Sources */,
				9C58984A27BF86D60088F0DE /* DatabaseNetwork.swift in Sources */,
				9CD275E827C20FC2003017CD /* PlusViewModel.swift in Sources */,
				9CD2765027CCE463003017CD /* SignUpViewModel.swift in Sources */,
				9C58985427BFAE660088F0DE /* LoginViewModel.swift in Sources */,
				9C58984527BF84320088F0DE /* ImageUrl.swift in Sources */,
			);
			runOnlyForDeploymentPostprocessing = 0;
		};
/* End PBXSourcesBuildPhase section */

/* Begin PBXVariantGroup section */
		9C58981427B9E9DE0088F0DE /* Main.storyboard */ = {
			isa = PBXVariantGroup;
			children = (
				9C58981527B9E9DE0088F0DE /* Base */,
				9CCD49AA27E013DD00DDF52F /* ko */,
			);
			name = Main.storyboard;
			sourceTree = "<group>";
		};
		9C58981927B9E9E00088F0DE /* LaunchScreen.storyboard */ = {
			isa = PBXVariantGroup;
			children = (
				9C58981A27B9E9E00088F0DE /* Base */,
				9CCD49AB27E013DD00DDF52F /* ko */,
			);
			name = LaunchScreen.storyboard;
			sourceTree = "<group>";
		};
		9CCD49B027E0142800DDF52F /* InfoPlist.strings */ = {
			isa = PBXVariantGroup;
			children = (
				9CCD49AF27E0142800DDF52F /* ko */,
				9CCD49B127E0142A00DDF52F /* en */,
			);
			name = InfoPlist.strings;
			sourceTree = "<group>";
		};
/* End PBXVariantGroup section */

/* Begin XCBuildConfiguration section */
		9C58981D27B9E9E00088F0DE /* Debug */ = {
			isa = XCBuildConfiguration;
			buildSettings = {
				ALWAYS_SEARCH_USER_PATHS = NO;
				CLANG_ANALYZER_LOCALIZABILITY_NONLOCALIZED = YES;
				CLANG_ANALYZER_NONNULL = YES;
				CLANG_ANALYZER_NUMBER_OBJECT_CONVERSION = YES_AGGRESSIVE;
				CLANG_CXX_LANGUAGE_STANDARD = "gnu++17";
				CLANG_CXX_LIBRARY = "libc++";
				CLANG_ENABLE_MODULES = YES;
				CLANG_ENABLE_OBJC_ARC = YES;
				CLANG_ENABLE_OBJC_WEAK = YES;
				CLANG_WARN_BLOCK_CAPTURE_AUTORELEASING = YES;
				CLANG_WARN_BOOL_CONVERSION = YES;
				CLANG_WARN_COMMA = YES;
				CLANG_WARN_CONSTANT_CONVERSION = YES;
				CLANG_WARN_DEPRECATED_OBJC_IMPLEMENTATIONS = YES;
				CLANG_WARN_DIRECT_OBJC_ISA_USAGE = YES_ERROR;
				CLANG_WARN_DOCUMENTATION_COMMENTS = YES;
				CLANG_WARN_EMPTY_BODY = YES;
				CLANG_WARN_ENUM_CONVERSION = YES;
				CLANG_WARN_INFINITE_RECURSION = YES;
				CLANG_WARN_INT_CONVERSION = YES;
				CLANG_WARN_NON_LITERAL_NULL_CONVERSION = YES;
				CLANG_WARN_OBJC_IMPLICIT_RETAIN_SELF = YES;
				CLANG_WARN_OBJC_LITERAL_CONVERSION = YES;
				CLANG_WARN_OBJC_ROOT_CLASS = YES_ERROR;
				CLANG_WARN_QUOTED_INCLUDE_IN_FRAMEWORK_HEADER = YES;
				CLANG_WARN_RANGE_LOOP_ANALYSIS = YES;
				CLANG_WARN_STRICT_PROTOTYPES = YES;
				CLANG_WARN_SUSPICIOUS_MOVE = YES;
				CLANG_WARN_UNGUARDED_AVAILABILITY = YES_AGGRESSIVE;
				CLANG_WARN_UNREACHABLE_CODE = YES;
				CLANG_WARN__DUPLICATE_METHOD_MATCH = YES;
				COPY_PHASE_STRIP = NO;
				DEBUG_INFORMATION_FORMAT = dwarf;
				ENABLE_STRICT_OBJC_MSGSEND = YES;
				ENABLE_TESTABILITY = YES;
				GCC_C_LANGUAGE_STANDARD = gnu11;
				GCC_DYNAMIC_NO_PIC = NO;
				GCC_NO_COMMON_BLOCKS = YES;
				GCC_OPTIMIZATION_LEVEL = 0;
				GCC_PREPROCESSOR_DEFINITIONS = (
					"DEBUG=1",
					"$(inherited)",
				);
				GCC_WARN_64_TO_32_BIT_CONVERSION = YES;
				GCC_WARN_ABOUT_RETURN_TYPE = YES_ERROR;
				GCC_WARN_UNDECLARED_SELECTOR = YES;
				GCC_WARN_UNINITIALIZED_AUTOS = YES_AGGRESSIVE;
				GCC_WARN_UNUSED_FUNCTION = YES;
				GCC_WARN_UNUSED_VARIABLE = YES;
				IPHONEOS_DEPLOYMENT_TARGET = 14.0;
				MTL_ENABLE_DEBUG_INFO = INCLUDE_SOURCE;
				MTL_FAST_MATH = YES;
				ONLY_ACTIVE_ARCH = YES;
				SDKROOT = iphoneos;
				SWIFT_ACTIVE_COMPILATION_CONDITIONS = DEBUG;
				SWIFT_OPTIMIZATION_LEVEL = "-Onone";
				TARGETED_DEVICE_FAMILY = 1;
			};
			name = Debug;
		};
		9C58981E27B9E9E00088F0DE /* Release */ = {
			isa = XCBuildConfiguration;
			buildSettings = {
				ALWAYS_SEARCH_USER_PATHS = NO;
				CLANG_ANALYZER_LOCALIZABILITY_NONLOCALIZED = YES;
				CLANG_ANALYZER_NONNULL = YES;
				CLANG_ANALYZER_NUMBER_OBJECT_CONVERSION = YES_AGGRESSIVE;
				CLANG_CXX_LANGUAGE_STANDARD = "gnu++17";
				CLANG_CXX_LIBRARY = "libc++";
				CLANG_ENABLE_MODULES = YES;
				CLANG_ENABLE_OBJC_ARC = YES;
				CLANG_ENABLE_OBJC_WEAK = YES;
				CLANG_WARN_BLOCK_CAPTURE_AUTORELEASING = YES;
				CLANG_WARN_BOOL_CONVERSION = YES;
				CLANG_WARN_COMMA = YES;
				CLANG_WARN_CONSTANT_CONVERSION = YES;
				CLANG_WARN_DEPRECATED_OBJC_IMPLEMENTATIONS = YES;
				CLANG_WARN_DIRECT_OBJC_ISA_USAGE = YES_ERROR;
				CLANG_WARN_DOCUMENTATION_COMMENTS = YES;
				CLANG_WARN_EMPTY_BODY = YES;
				CLANG_WARN_ENUM_CONVERSION = YES;
				CLANG_WARN_INFINITE_RECURSION = YES;
				CLANG_WARN_INT_CONVERSION = YES;
				CLANG_WARN_NON_LITERAL_NULL_CONVERSION = YES;
				CLANG_WARN_OBJC_IMPLICIT_RETAIN_SELF = YES;
				CLANG_WARN_OBJC_LITERAL_CONVERSION = YES;
				CLANG_WARN_OBJC_ROOT_CLASS = YES_ERROR;
				CLANG_WARN_QUOTED_INCLUDE_IN_FRAMEWORK_HEADER = YES;
				CLANG_WARN_RANGE_LOOP_ANALYSIS = YES;
				CLANG_WARN_STRICT_PROTOTYPES = YES;
				CLANG_WARN_SUSPICIOUS_MOVE = YES;
				CLANG_WARN_UNGUARDED_AVAILABILITY = YES_AGGRESSIVE;
				CLANG_WARN_UNREACHABLE_CODE = YES;
				CLANG_WARN__DUPLICATE_METHOD_MATCH = YES;
				COPY_PHASE_STRIP = NO;
				DEBUG_INFORMATION_FORMAT = "dwarf-with-dsym";
				ENABLE_NS_ASSERTIONS = NO;
				ENABLE_STRICT_OBJC_MSGSEND = YES;
				GCC_C_LANGUAGE_STANDARD = gnu11;
				GCC_NO_COMMON_BLOCKS = YES;
				GCC_WARN_64_TO_32_BIT_CONVERSION = YES;
				GCC_WARN_ABOUT_RETURN_TYPE = YES_ERROR;
				GCC_WARN_UNDECLARED_SELECTOR = YES;
				GCC_WARN_UNINITIALIZED_AUTOS = YES_AGGRESSIVE;
				GCC_WARN_UNUSED_FUNCTION = YES;
				GCC_WARN_UNUSED_VARIABLE = YES;
				IPHONEOS_DEPLOYMENT_TARGET = 14.0;
				MTL_ENABLE_DEBUG_INFO = NO;
				MTL_FAST_MATH = YES;
				SDKROOT = iphoneos;
				SWIFT_COMPILATION_MODE = wholemodule;
				SWIFT_OPTIMIZATION_LEVEL = "-O";
				TARGETED_DEVICE_FAMILY = 1;
				VALIDATE_PRODUCT = YES;
			};
			name = Release;
		};
		9C58982027B9E9E00088F0DE /* Debug */ = {
			isa = XCBuildConfiguration;
			baseConfigurationReference = 6F36AAFE5647CD04634F7DAE /* Pods-treena_v2.debug.xcconfig */;
			buildSettings = {
				ASSETCATALOG_COMPILER_APPICON_NAME = AppIcon;
				ASSETCATALOG_COMPILER_GLOBAL_ACCENT_COLOR_NAME = AccentColor;
				CODE_SIGN_STYLE = Automatic;
				CURRENT_PROJECT_VERSION = 1;
				DEVELOPMENT_TEAM = SXV7AG9997;
				GENERATE_INFOPLIST_FILE = YES;
				INFOPLIST_FILE = treena_v2/Info.plist;
				INFOPLIST_KEY_UIApplicationSupportsIndirectInputEvents = YES;
				INFOPLIST_KEY_UILaunchStoryboardName = LaunchScreen;
				INFOPLIST_KEY_UIMainStoryboardFile = Main;
				INFOPLIST_KEY_UISupportedInterfaceOrientations_iPad = "UIInterfaceOrientationPortrait UIInterfaceOrientationPortraitUpsideDown UIInterfaceOrientationLandscapeLeft UIInterfaceOrientationLandscapeRight";
				INFOPLIST_KEY_UISupportedInterfaceOrientations_iPhone = "UIInterfaceOrientationPortrait UIInterfaceOrientationLandscapeLeft UIInterfaceOrientationLandscapeRight";
				INFOPLIST_KEY_UIUserInterfaceStyle = Light;
				LD_RUNPATH_SEARCH_PATHS = (
					"$(inherited)",
					"@executable_path/Frameworks",
				);
				MARKETING_VERSION = 1.1;
				PRODUCT_BUNDLE_IDENTIFIER = "net.asong57.treena-v2";
				PRODUCT_NAME = "$(TARGET_NAME)";
				SWIFT_EMIT_LOC_STRINGS = YES;
				SWIFT_VERSION = 5.0;
				TARGETED_DEVICE_FAMILY = 1;
			};
			name = Debug;
		};
		9C58982127B9E9E00088F0DE /* Release */ = {
			isa = XCBuildConfiguration;
			baseConfigurationReference = 90341694FFFD9C58D2533603 /* Pods-treena_v2.release.xcconfig */;
			buildSettings = {
				ASSETCATALOG_COMPILER_APPICON_NAME = AppIcon;
				ASSETCATALOG_COMPILER_GLOBAL_ACCENT_COLOR_NAME = AccentColor;
				CODE_SIGN_ENTITLEMENTS = treena_v2/treena_v2Release.entitlements;
				CODE_SIGN_IDENTITY = "Apple Development";
				CODE_SIGN_STYLE = Automatic;
				CURRENT_PROJECT_VERSION = 1;
				DEVELOPMENT_TEAM = SXV7AG9997;
				GENERATE_INFOPLIST_FILE = YES;
				INFOPLIST_FILE = treena_v2/Info.plist;
				INFOPLIST_KEY_UIApplicationSupportsIndirectInputEvents = YES;
				INFOPLIST_KEY_UILaunchStoryboardName = LaunchScreen;
				INFOPLIST_KEY_UIMainStoryboardFile = Main;
				INFOPLIST_KEY_UISupportedInterfaceOrientations_iPad = "UIInterfaceOrientationPortrait UIInterfaceOrientationPortraitUpsideDown UIInterfaceOrientationLandscapeLeft UIInterfaceOrientationLandscapeRight";
				INFOPLIST_KEY_UISupportedInterfaceOrientations_iPhone = "UIInterfaceOrientationPortrait UIInterfaceOrientationLandscapeLeft UIInterfaceOrientationLandscapeRight";
				INFOPLIST_KEY_UIUserInterfaceStyle = Light;
				LD_RUNPATH_SEARCH_PATHS = (
					"$(inherited)",
					"@executable_path/Frameworks",
				);
				MARKETING_VERSION = 1.1;
				PRODUCT_BUNDLE_IDENTIFIER = net.asong57.treena;
				PRODUCT_NAME = "$(TARGET_NAME)";
				PROVISIONING_PROFILE_SPECIFIER = "";
				SWIFT_EMIT_LOC_STRINGS = YES;
				SWIFT_VERSION = 5.0;
				TARGETED_DEVICE_FAMILY = 1;
			};
			name = Release;
		};
/* End XCBuildConfiguration section */

/* Begin XCConfigurationList section */
		9C58980627B9E9DE0088F0DE /* Build configuration list for PBXProject "treena_v2" */ = {
			isa = XCConfigurationList;
			buildConfigurations = (
				9C58981D27B9E9E00088F0DE /* Debug */,
				9C58981E27B9E9E00088F0DE /* Release */,
			);
			defaultConfigurationIsVisible = 0;
			defaultConfigurationName = Release;
		};
		9C58981F27B9E9E00088F0DE /* Build configuration list for PBXNativeTarget "treena_v2" */ = {
			isa = XCConfigurationList;
			buildConfigurations = (
				9C58982027B9E9E00088F0DE /* Debug */,
				9C58982127B9E9E00088F0DE /* Release */,
			);
			defaultConfigurationIsVisible = 0;
			defaultConfigurationName = Release;
		};
/* End XCConfigurationList section */
	};
	rootObject = 9C58980327B9E9DE0088F0DE /* Project object */;
}
